// !$*UTF8*$!
{
	archiveVersion = 1;
	classes = {
	};
	objectVersion = 51;
	objects = {

/* Begin PBXBuildFile section */
		7EB979CC68B12E1C67B8F943 /* Pods_JStore.framework in Frameworks */ = {isa = PBXBuildFile; fileRef = 853A0898348DEDD6A3764A3F /* Pods_JStore.framework */; };
		BAD0BCF897BB283032CAEDB4 /* Pods_JStore_JStoreUITests.framework in Frameworks */ = {isa = PBXBuildFile; fileRef = 9AE948AB9B2231A548D76FFC /* Pods_JStore_JStoreUITests.framework */; };
		F12F02E9F4C8FE1BC973CB96 /* Pods_JStoreTests.framework in Frameworks */ = {isa = PBXBuildFile; fileRef = B1CBD3D67B5F0D7A7C3B4E2D /* Pods_JStoreTests.framework */; };
		FC38168223B8DC7D00325162 /* NewUserViewController.swift in Sources */ = {isa = PBXBuildFile; fileRef = FC38168123B8DC7D00325162 /* NewUserViewController.swift */; };
		FC38168B23B902C300325162 /* TabBarViewController.swift in Sources */ = {isa = PBXBuildFile; fileRef = FC38168923B902C300325162 /* TabBarViewController.swift */; };
		FC38169523B9051300325162 /* UIViewExtension.swift in Sources */ = {isa = PBXBuildFile; fileRef = FC38169423B9051300325162 /* UIViewExtension.swift */; };
		FC38169823B90A0A00325162 /* JStoreUser.swift in Sources */ = {isa = PBXBuildFile; fileRef = FC38169723B90A0A00325162 /* JStoreUser.swift */; };
		FC3816A023B9538600325162 /* AnonymousSellViewController.swift in Sources */ = {isa = PBXBuildFile; fileRef = FC38169F23B9538600325162 /* AnonymousSellViewController.swift */; };
		FC3816A223B9576900325162 /* AnonymousMeViewController.swift in Sources */ = {isa = PBXBuildFile; fileRef = FC3816A123B9576900325162 /* AnonymousMeViewController.swift */; };
		FC68916523994BF4004B41F9 /* AppDelegate.swift in Sources */ = {isa = PBXBuildFile; fileRef = FC68916423994BF4004B41F9 /* AppDelegate.swift */; };
		FC68916923994BF4004B41F9 /* BuyViewController.swift in Sources */ = {isa = PBXBuildFile; fileRef = FC68916823994BF4004B41F9 /* BuyViewController.swift */; };
		FC68916B23994BF4004B41F9 /* SellViewController.swift in Sources */ = {isa = PBXBuildFile; fileRef = FC68916A23994BF4004B41F9 /* SellViewController.swift */; };
		FC68916E23994BF4004B41F9 /* Main.storyboard in Resources */ = {isa = PBXBuildFile; fileRef = FC68916C23994BF4004B41F9 /* Main.storyboard */; };
		FC68917023994BF5004B41F9 /* Assets.xcassets in Resources */ = {isa = PBXBuildFile; fileRef = FC68916F23994BF5004B41F9 /* Assets.xcassets */; };
		FC68917323994BF5004B41F9 /* LaunchScreen.storyboard in Resources */ = {isa = PBXBuildFile; fileRef = FC68917123994BF5004B41F9 /* LaunchScreen.storyboard */; };
		FC68917E23994BF6004B41F9 /* JStoreTests.swift in Sources */ = {isa = PBXBuildFile; fileRef = FC68917D23994BF6004B41F9 /* JStoreTests.swift */; };
		FC68918923994BF6004B41F9 /* JStoreUITests.swift in Sources */ = {isa = PBXBuildFile; fileRef = FC68918823994BF6004B41F9 /* JStoreUITests.swift */; };
		FC68919B2399641F004B41F9 /* GoogleService-Info.plist in Resources */ = {isa = PBXBuildFile; fileRef = FC68919A2399641F004B41F9 /* GoogleService-Info.plist */; };
		FC68919C2399641F004B41F9 /* GoogleService-Info.plist in Resources */ = {isa = PBXBuildFile; fileRef = FC68919A2399641F004B41F9 /* GoogleService-Info.plist */; };
		FC68919D2399641F004B41F9 /* GoogleService-Info.plist in Resources */ = {isa = PBXBuildFile; fileRef = FC68919A2399641F004B41F9 /* GoogleService-Info.plist */; };
		FC69D87223B125F10008610A /* LoginViewController.swift in Sources */ = {isa = PBXBuildFile; fileRef = FC69D87123B125F10008610A /* LoginViewController.swift */; };
		FCB84C022399889F00124005 /* MeViewController.swift in Sources */ = {isa = PBXBuildFile; fileRef = FCB84C012399889F00124005 /* MeViewController.swift */; };
		FCF434E623B51A5E0049187D /* SceneDelegate.swift in Sources */ = {isa = PBXBuildFile; fileRef = FCF434E523B51A5E0049187D /* SceneDelegate.swift */; };
		FCF434E823B550240049187D /* RootNavigationController.swift in Sources */ = {isa = PBXBuildFile; fileRef = FCF434E723B550240049187D /* RootNavigationController.swift */; };
		FCF6BB8A23BB9C28003C911A /* Post.swift in Sources */ = {isa = PBXBuildFile; fileRef = FCF6BB8923BB9C28003C911A /* Post.swift */; };
/* End PBXBuildFile section */

/* Begin PBXContainerItemProxy section */
		FC68917A23994BF6004B41F9 /* PBXContainerItemProxy */ = {
			isa = PBXContainerItemProxy;
			containerPortal = FC68915923994BF3004B41F9 /* Project object */;
			proxyType = 1;
			remoteGlobalIDString = FC68916023994BF3004B41F9;
			remoteInfo = JStore;
		};
		FC68918523994BF6004B41F9 /* PBXContainerItemProxy */ = {
			isa = PBXContainerItemProxy;
			containerPortal = FC68915923994BF3004B41F9 /* Project object */;
			proxyType = 1;
			remoteGlobalIDString = FC68916023994BF3004B41F9;
			remoteInfo = JStore;
		};
/* End PBXContainerItemProxy section */

/* Begin PBXFileReference section */
		29C08B491126E7FBA14EC5A6 /* Pods-JStoreTests.release.xcconfig */ = {isa = PBXFileReference; includeInIndex = 1; lastKnownFileType = text.xcconfig; name = "Pods-JStoreTests.release.xcconfig"; path = "Target Support Files/Pods-JStoreTests/Pods-JStoreTests.release.xcconfig"; sourceTree = "<group>"; };
		37EE493C4CC666EC9E574AB3 /* Pods-JStore-JStoreUITests.debug.xcconfig */ = {isa = PBXFileReference; includeInIndex = 1; lastKnownFileType = text.xcconfig; name = "Pods-JStore-JStoreUITests.debug.xcconfig"; path = "Target Support Files/Pods-JStore-JStoreUITests/Pods-JStore-JStoreUITests.debug.xcconfig"; sourceTree = "<group>"; };
		551FB99CD8F03D40B5AFF504 /* Pods-JStoreTests.debug.xcconfig */ = {isa = PBXFileReference; includeInIndex = 1; lastKnownFileType = text.xcconfig; name = "Pods-JStoreTests.debug.xcconfig"; path = "Target Support Files/Pods-JStoreTests/Pods-JStoreTests.debug.xcconfig"; sourceTree = "<group>"; };
		5BF4A15BB35EB35A8F7A8CC2 /* Pods-JStore.release.xcconfig */ = {isa = PBXFileReference; includeInIndex = 1; lastKnownFileType = text.xcconfig; name = "Pods-JStore.release.xcconfig"; path = "Target Support Files/Pods-JStore/Pods-JStore.release.xcconfig"; sourceTree = "<group>"; };
		7636998BAF9B0B7DD295AC50 /* Pods-JStore.debug.xcconfig */ = {isa = PBXFileReference; includeInIndex = 1; lastKnownFileType = text.xcconfig; name = "Pods-JStore.debug.xcconfig"; path = "Target Support Files/Pods-JStore/Pods-JStore.debug.xcconfig"; sourceTree = "<group>"; };
		789E80E884FA5CA3FA7FBAAD /* Pods-JStore-JStoreUITests.release.xcconfig */ = {isa = PBXFileReference; includeInIndex = 1; lastKnownFileType = text.xcconfig; name = "Pods-JStore-JStoreUITests.release.xcconfig"; path = "Target Support Files/Pods-JStore-JStoreUITests/Pods-JStore-JStoreUITests.release.xcconfig"; sourceTree = "<group>"; };
		853A0898348DEDD6A3764A3F /* Pods_JStore.framework */ = {isa = PBXFileReference; explicitFileType = wrapper.framework; includeInIndex = 0; path = Pods_JStore.framework; sourceTree = BUILT_PRODUCTS_DIR; };
		9AE948AB9B2231A548D76FFC /* Pods_JStore_JStoreUITests.framework */ = {isa = PBXFileReference; explicitFileType = wrapper.framework; includeInIndex = 0; path = Pods_JStore_JStoreUITests.framework; sourceTree = BUILT_PRODUCTS_DIR; };
		B1CBD3D67B5F0D7A7C3B4E2D /* Pods_JStoreTests.framework */ = {isa = PBXFileReference; explicitFileType = wrapper.framework; includeInIndex = 0; path = Pods_JStoreTests.framework; sourceTree = BUILT_PRODUCTS_DIR; };
		FC38168123B8DC7D00325162 /* NewUserViewController.swift */ = {isa = PBXFileReference; lastKnownFileType = sourcecode.swift; path = NewUserViewController.swift; sourceTree = "<group>"; };
		FC38168923B902C300325162 /* TabBarViewController.swift */ = {isa = PBXFileReference; fileEncoding = 4; lastKnownFileType = sourcecode.swift; name = TabBarViewController.swift; path = JStore/ViewContollers/TabView/TabBarViewController.swift; sourceTree = SOURCE_ROOT; };
		FC38169423B9051300325162 /* UIViewExtension.swift */ = {isa = PBXFileReference; fileEncoding = 4; lastKnownFileType = sourcecode.swift; name = UIViewExtension.swift; path = JStore/Extensions/UIViewExtension.swift; sourceTree = SOURCE_ROOT; };
		FC38169723B90A0A00325162 /* JStoreUser.swift */ = {isa = PBXFileReference; lastKnownFileType = sourcecode.swift; path = JStoreUser.swift; sourceTree = "<group>"; };
		FC38169F23B9538600325162 /* AnonymousSellViewController.swift */ = {isa = PBXFileReference; lastKnownFileType = sourcecode.swift; path = AnonymousSellViewController.swift; sourceTree = "<group>"; };
		FC3816A123B9576900325162 /* AnonymousMeViewController.swift */ = {isa = PBXFileReference; lastKnownFileType = sourcecode.swift; path = AnonymousMeViewController.swift; sourceTree = "<group>"; };
		FC68916123994BF3004B41F9 /* JStore.app */ = {isa = PBXFileReference; explicitFileType = wrapper.application; includeInIndex = 0; path = JStore.app; sourceTree = BUILT_PRODUCTS_DIR; };
		FC68916423994BF4004B41F9 /* AppDelegate.swift */ = {isa = PBXFileReference; lastKnownFileType = sourcecode.swift; path = AppDelegate.swift; sourceTree = "<group>"; };
		FC68916823994BF4004B41F9 /* BuyViewController.swift */ = {isa = PBXFileReference; lastKnownFileType = sourcecode.swift; path = BuyViewController.swift; sourceTree = "<group>"; };
		FC68916A23994BF4004B41F9 /* SellViewController.swift */ = {isa = PBXFileReference; lastKnownFileType = sourcecode.swift; path = SellViewController.swift; sourceTree = "<group>"; };
		FC68916D23994BF4004B41F9 /* Base */ = {isa = PBXFileReference; lastKnownFileType = file.storyboard; name = Base; path = Base.lproj/Main.storyboard; sourceTree = "<group>"; };
		FC68916F23994BF5004B41F9 /* Assets.xcassets */ = {isa = PBXFileReference; lastKnownFileType = folder.assetcatalog; path = Assets.xcassets; sourceTree = "<group>"; };
		FC68917223994BF5004B41F9 /* Base */ = {isa = PBXFileReference; lastKnownFileType = file.storyboard; name = Base; path = Base.lproj/LaunchScreen.storyboard; sourceTree = "<group>"; };
		FC68917423994BF5004B41F9 /* Info.plist */ = {isa = PBXFileReference; lastKnownFileType = text.plist.xml; path = Info.plist; sourceTree = "<group>"; };
		FC68917923994BF6004B41F9 /* JStoreTests.xctest */ = {isa = PBXFileReference; explicitFileType = wrapper.cfbundle; includeInIndex = 0; path = JStoreTests.xctest; sourceTree = BUILT_PRODUCTS_DIR; };
		FC68917D23994BF6004B41F9 /* JStoreTests.swift */ = {isa = PBXFileReference; lastKnownFileType = sourcecode.swift; path = JStoreTests.swift; sourceTree = "<group>"; };
		FC68917F23994BF6004B41F9 /* Info.plist */ = {isa = PBXFileReference; lastKnownFileType = text.plist.xml; path = Info.plist; sourceTree = "<group>"; };
		FC68918423994BF6004B41F9 /* JStoreUITests.xctest */ = {isa = PBXFileReference; explicitFileType = wrapper.cfbundle; includeInIndex = 0; path = JStoreUITests.xctest; sourceTree = BUILT_PRODUCTS_DIR; };
		FC68918823994BF6004B41F9 /* JStoreUITests.swift */ = {isa = PBXFileReference; lastKnownFileType = sourcecode.swift; path = JStoreUITests.swift; sourceTree = "<group>"; };
		FC68918A23994BF6004B41F9 /* Info.plist */ = {isa = PBXFileReference; lastKnownFileType = text.plist.xml; path = Info.plist; sourceTree = "<group>"; };
		FC68919A2399641F004B41F9 /* GoogleService-Info.plist */ = {isa = PBXFileReference; fileEncoding = 4; lastKnownFileType = text.plist.xml; path = "GoogleService-Info.plist"; sourceTree = "<group>"; };
		FC69D87123B125F10008610A /* LoginViewController.swift */ = {isa = PBXFileReference; lastKnownFileType = sourcecode.swift; path = LoginViewController.swift; sourceTree = "<group>"; };
		FC8B9FE123B407BD005D8FA8 /* JStore.entitlements */ = {isa = PBXFileReference; lastKnownFileType = text.plist.entitlements; path = JStore.entitlements; sourceTree = "<group>"; };
		FCB84C012399889F00124005 /* MeViewController.swift */ = {isa = PBXFileReference; lastKnownFileType = sourcecode.swift; path = MeViewController.swift; sourceTree = "<group>"; };
		FCF434E523B51A5E0049187D /* SceneDelegate.swift */ = {isa = PBXFileReference; fileEncoding = 4; lastKnownFileType = sourcecode.swift; path = SceneDelegate.swift; sourceTree = "<group>"; };
		FCF434E723B550240049187D /* RootNavigationController.swift */ = {isa = PBXFileReference; lastKnownFileType = sourcecode.swift; path = RootNavigationController.swift; sourceTree = "<group>"; };
		FCF6BB8923BB9C28003C911A /* Post.swift */ = {isa = PBXFileReference; lastKnownFileType = sourcecode.swift; path = Post.swift; sourceTree = "<group>"; };
/* End PBXFileReference section */

/* Begin PBXFrameworksBuildPhase section */
		FC68915E23994BF3004B41F9 /* Frameworks */ = {
			isa = PBXFrameworksBuildPhase;
			buildActionMask = 2147483647;
			files = (
				7EB979CC68B12E1C67B8F943 /* Pods_JStore.framework in Frameworks */,
			);
			runOnlyForDeploymentPostprocessing = 0;
		};
		FC68917623994BF6004B41F9 /* Frameworks */ = {
			isa = PBXFrameworksBuildPhase;
			buildActionMask = 2147483647;
			files = (
				F12F02E9F4C8FE1BC973CB96 /* Pods_JStoreTests.framework in Frameworks */,
			);
			runOnlyForDeploymentPostprocessing = 0;
		};
		FC68918123994BF6004B41F9 /* Frameworks */ = {
			isa = PBXFrameworksBuildPhase;
			buildActionMask = 2147483647;
			files = (
				BAD0BCF897BB283032CAEDB4 /* Pods_JStore_JStoreUITests.framework in Frameworks */,
			);
			runOnlyForDeploymentPostprocessing = 0;
		};
/* End PBXFrameworksBuildPhase section */

/* Begin PBXGroup section */
		84FEFEA8976B02CBB22AB42A /* Frameworks */ = {
			isa = PBXGroup;
			children = (
				853A0898348DEDD6A3764A3F /* Pods_JStore.framework */,
				9AE948AB9B2231A548D76FFC /* Pods_JStore_JStoreUITests.framework */,
				B1CBD3D67B5F0D7A7C3B4E2D /* Pods_JStoreTests.framework */,
			);
			name = Frameworks;
			sourceTree = "<group>";
		};
		D7D7A4C6ED2C4ACA8312A9D1 /* Pods */ = {
			isa = PBXGroup;
			children = (
				7636998BAF9B0B7DD295AC50 /* Pods-JStore.debug.xcconfig */,
				5BF4A15BB35EB35A8F7A8CC2 /* Pods-JStore.release.xcconfig */,
				37EE493C4CC666EC9E574AB3 /* Pods-JStore-JStoreUITests.debug.xcconfig */,
				789E80E884FA5CA3FA7FBAAD /* Pods-JStore-JStoreUITests.release.xcconfig */,
				551FB99CD8F03D40B5AFF504 /* Pods-JStoreTests.debug.xcconfig */,
				29C08B491126E7FBA14EC5A6 /* Pods-JStoreTests.release.xcconfig */,
			);
			path = Pods;
			sourceTree = "<group>";
		};
		FC38168523B901F200325162 /* Delegates */ = {
			isa = PBXGroup;
			children = (
				FC68916423994BF4004B41F9 /* AppDelegate.swift */,
				FCF434E523B51A5E0049187D /* SceneDelegate.swift */,
			);
			path = Delegates;
			sourceTree = "<group>";
		};
		FC38168623B9022D00325162 /* ViewContollers */ = {
			isa = PBXGroup;
			children = (
				FCF434E723B550240049187D /* RootNavigationController.swift */,
				FC69D87123B125F10008610A /* LoginViewController.swift */,
				FC38168123B8DC7D00325162 /* NewUserViewController.swift */,
				FC38168723B9025C00325162 /* TabView */,
			);
			path = ViewContollers;
			sourceTree = "<group>";
		};
		FC38168723B9025C00325162 /* TabView */ = {
			isa = PBXGroup;
			children = (
				FC38168923B902C300325162 /* TabBarViewController.swift */,
				FC68916823994BF4004B41F9 /* BuyViewController.swift */,
				FC68916A23994BF4004B41F9 /* SellViewController.swift */,
				FCB84C012399889F00124005 /* MeViewController.swift */,
				FC38169F23B9538600325162 /* AnonymousSellViewController.swift */,
				FC3816A123B9576900325162 /* AnonymousMeViewController.swift */,
			);
			path = TabView;
			sourceTree = "<group>";
		};
		FC38169323B904FD00325162 /* Extensions */ = {
			isa = PBXGroup;
			children = (
				FC38169423B9051300325162 /* UIViewExtension.swift */,
			);
			path = Extensions;
			sourceTree = "<group>";
		};
		FC38169623B909F100325162 /* Models */ = {
			isa = PBXGroup;
			children = (
				FC38169723B90A0A00325162 /* JStoreUser.swift */,
				FCF6BB8923BB9C28003C911A /* Post.swift */,
			);
			path = Models;
			sourceTree = "<group>";
		};
		FC68915823994BF3004B41F9 = {
			isa = PBXGroup;
			children = (
				FC68916323994BF3004B41F9 /* JStore */,
				FC68917C23994BF6004B41F9 /* JStoreTests */,
				FC68918723994BF6004B41F9 /* JStoreUITests */,
				FC68916223994BF3004B41F9 /* Products */,
				D7D7A4C6ED2C4ACA8312A9D1 /* Pods */,
				84FEFEA8976B02CBB22AB42A /* Frameworks */,
			);
			sourceTree = "<group>";
		};
		FC68916223994BF3004B41F9 /* Products */ = {
			isa = PBXGroup;
			children = (
				FC68916123994BF3004B41F9 /* JStore.app */,
				FC68917923994BF6004B41F9 /* JStoreTests.xctest */,
				FC68918423994BF6004B41F9 /* JStoreUITests.xctest */,
			);
			name = Products;
			sourceTree = "<group>";
		};
		FC68916323994BF3004B41F9 /* JStore */ = {
			isa = PBXGroup;
			children = (
				FC38169623B909F100325162 /* Models */,
				FC38169323B904FD00325162 /* Extensions */,
				FC38168523B901F200325162 /* Delegates */,
				FC38168623B9022D00325162 /* ViewContollers */,
				FC68916C23994BF4004B41F9 /* Main.storyboard */,
				FC68917123994BF5004B41F9 /* LaunchScreen.storyboard */,
				FC68916F23994BF5004B41F9 /* Assets.xcassets */,
				FC8B9FE123B407BD005D8FA8 /* JStore.entitlements */,
				FC68917423994BF5004B41F9 /* Info.plist */,
				FC68919A2399641F004B41F9 /* GoogleService-Info.plist */,
			);
			path = JStore;
			sourceTree = "<group>";
		};
		FC68917C23994BF6004B41F9 /* JStoreTests */ = {
			isa = PBXGroup;
			children = (
				FC68917D23994BF6004B41F9 /* JStoreTests.swift */,
				FC68917F23994BF6004B41F9 /* Info.plist */,
			);
			path = JStoreTests;
			sourceTree = "<group>";
		};
		FC68918723994BF6004B41F9 /* JStoreUITests */ = {
			isa = PBXGroup;
			children = (
				FC68918823994BF6004B41F9 /* JStoreUITests.swift */,
				FC68918A23994BF6004B41F9 /* Info.plist */,
			);
			path = JStoreUITests;
			sourceTree = "<group>";
		};
/* End PBXGroup section */

/* Begin PBXNativeTarget section */
		FC68916023994BF3004B41F9 /* JStore */ = {
			isa = PBXNativeTarget;
			buildConfigurationList = FC68918D23994BF6004B41F9 /* Build configuration list for PBXNativeTarget "JStore" */;
			buildPhases = (
				37ECCD20C29EBDF6C2C181D9 /* [CP] Check Pods Manifest.lock */,
				FC68915D23994BF3004B41F9 /* Sources */,
				FC68915E23994BF3004B41F9 /* Frameworks */,
				FC68915F23994BF3004B41F9 /* Resources */,
				6CC1D2FE7D03931F9E775F68 /* [CP] Embed Pods Frameworks */,
				FCB84C002399804800124005 /* ShellScript */,
			);
			buildRules = (
			);
			dependencies = (
			);
			name = JStore;
			productName = JStore;
			productReference = FC68916123994BF3004B41F9 /* JStore.app */;
			productType = "com.apple.product-type.application";
		};
		FC68917823994BF6004B41F9 /* JStoreTests */ = {
			isa = PBXNativeTarget;
			buildConfigurationList = FC68919023994BF6004B41F9 /* Build configuration list for PBXNativeTarget "JStoreTests" */;
			buildPhases = (
				D991EDEC722E468A17A102EB /* [CP] Check Pods Manifest.lock */,
				FC68917523994BF6004B41F9 /* Sources */,
				FC68917623994BF6004B41F9 /* Frameworks */,
				FC68917723994BF6004B41F9 /* Resources */,
			);
			buildRules = (
			);
			dependencies = (
				FC68917B23994BF6004B41F9 /* PBXTargetDependency */,
			);
			name = JStoreTests;
			productName = JStoreTests;
			productReference = FC68917923994BF6004B41F9 /* JStoreTests.xctest */;
			productType = "com.apple.product-type.bundle.unit-test";
		};
		FC68918323994BF6004B41F9 /* JStoreUITests */ = {
			isa = PBXNativeTarget;
			buildConfigurationList = FC68919323994BF6004B41F9 /* Build configuration list for PBXNativeTarget "JStoreUITests" */;
			buildPhases = (
				1CE58F141DAAE6D81D41B1B1 /* [CP] Check Pods Manifest.lock */,
				FC68918023994BF6004B41F9 /* Sources */,
				FC68918123994BF6004B41F9 /* Frameworks */,
				FC68918223994BF6004B41F9 /* Resources */,
				E63639A7F41AA2171D6903F1 /* [CP] Embed Pods Frameworks */,
			);
			buildRules = (
			);
			dependencies = (
				FC68918623994BF6004B41F9 /* PBXTargetDependency */,
			);
			name = JStoreUITests;
			productName = JStoreUITests;
			productReference = FC68918423994BF6004B41F9 /* JStoreUITests.xctest */;
			productType = "com.apple.product-type.bundle.ui-testing";
		};
/* End PBXNativeTarget section */

/* Begin PBXProject section */
		FC68915923994BF3004B41F9 /* Project object */ = {
			isa = PBXProject;
			attributes = {
				LastSwiftUpdateCheck = 1120;
				LastUpgradeCheck = 1120;
				ORGANIZATIONNAME = "Tianyao Chen";
				TargetAttributes = {
					FC68916023994BF3004B41F9 = {
						CreatedOnToolsVersion = 11.2.1;
					};
					FC68917823994BF6004B41F9 = {
						CreatedOnToolsVersion = 11.2.1;
						TestTargetID = FC68916023994BF3004B41F9;
					};
					FC68918323994BF6004B41F9 = {
						CreatedOnToolsVersion = 11.2.1;
						TestTargetID = FC68916023994BF3004B41F9;
					};
				};
			};
			buildConfigurationList = FC68915C23994BF3004B41F9 /* Build configuration list for PBXProject "JStore" */;
			compatibilityVersion = "Xcode 9.3";
			developmentRegion = en;
			hasScannedForEncodings = 0;
			knownRegions = (
				en,
				Base,
			);
			mainGroup = FC68915823994BF3004B41F9;
			productRefGroup = FC68916223994BF3004B41F9 /* Products */;
			projectDirPath = "";
			projectRoot = "";
			targets = (
				FC68916023994BF3004B41F9 /* JStore */,
				FC68917823994BF6004B41F9 /* JStoreTests */,
				FC68918323994BF6004B41F9 /* JStoreUITests */,
			);
		};
/* End PBXProject section */

/* Begin PBXResourcesBuildPhase section */
		FC68915F23994BF3004B41F9 /* Resources */ = {
			isa = PBXResourcesBuildPhase;
			buildActionMask = 2147483647;
			files = (
				FC68917323994BF5004B41F9 /* LaunchScreen.storyboard in Resources */,
				FC68919B2399641F004B41F9 /* GoogleService-Info.plist in Resources */,
				FC68917023994BF5004B41F9 /* Assets.xcassets in Resources */,
				FC68916E23994BF4004B41F9 /* Main.storyboard in Resources */,
			);
			runOnlyForDeploymentPostprocessing = 0;
		};
		FC68917723994BF6004B41F9 /* Resources */ = {
			isa = PBXResourcesBuildPhase;
			buildActionMask = 2147483647;
			files = (
				FC68919C2399641F004B41F9 /* GoogleService-Info.plist in Resources */,
			);
			runOnlyForDeploymentPostprocessing = 0;
		};
		FC68918223994BF6004B41F9 /* Resources */ = {
			isa = PBXResourcesBuildPhase;
			buildActionMask = 2147483647;
			files = (
				FC68919D2399641F004B41F9 /* GoogleService-Info.plist in Resources */,
			);
			runOnlyForDeploymentPostprocessing = 0;
		};
/* End PBXResourcesBuildPhase section */

/* Begin PBXShellScriptBuildPhase section */
		1CE58F141DAAE6D81D41B1B1 /* [CP] Check Pods Manifest.lock */ = {
			isa = PBXShellScriptBuildPhase;
			buildActionMask = 2147483647;
			files = (
			);
			inputFileListPaths = (
			);
			inputPaths = (
				"${PODS_PODFILE_DIR_PATH}/Podfile.lock",
				"${PODS_ROOT}/Manifest.lock",
			);
			name = "[CP] Check Pods Manifest.lock";
			outputFileListPaths = (
			);
			outputPaths = (
				"$(DERIVED_FILE_DIR)/Pods-JStore-JStoreUITests-checkManifestLockResult.txt",
			);
			runOnlyForDeploymentPostprocessing = 0;
			shellPath = /bin/sh;
			shellScript = "diff \"${PODS_PODFILE_DIR_PATH}/Podfile.lock\" \"${PODS_ROOT}/Manifest.lock\" > /dev/null\nif [ $? != 0 ] ; then\n    # print error to STDERR\n    echo \"error: The sandbox is not in sync with the Podfile.lock. Run 'pod install' or update your CocoaPods installation.\" >&2\n    exit 1\nfi\n# This output is used by Xcode 'outputs' to avoid re-running this script phase.\necho \"SUCCESS\" > \"${SCRIPT_OUTPUT_FILE_0}\"\n";
			showEnvVarsInLog = 0;
		};
		37ECCD20C29EBDF6C2C181D9 /* [CP] Check Pods Manifest.lock */ = {
			isa = PBXShellScriptBuildPhase;
			buildActionMask = 2147483647;
			files = (
			);
			inputFileListPaths = (
			);
			inputPaths = (
				"${PODS_PODFILE_DIR_PATH}/Podfile.lock",
				"${PODS_ROOT}/Manifest.lock",
			);
			name = "[CP] Check Pods Manifest.lock";
			outputFileListPaths = (
			);
			outputPaths = (
				"$(DERIVED_FILE_DIR)/Pods-JStore-checkManifestLockResult.txt",
			);
			runOnlyForDeploymentPostprocessing = 0;
			shellPath = /bin/sh;
			shellScript = "diff \"${PODS_PODFILE_DIR_PATH}/Podfile.lock\" \"${PODS_ROOT}/Manifest.lock\" > /dev/null\nif [ $? != 0 ] ; then\n    # print error to STDERR\n    echo \"error: The sandbox is not in sync with the Podfile.lock. Run 'pod install' or update your CocoaPods installation.\" >&2\n    exit 1\nfi\n# This output is used by Xcode 'outputs' to avoid re-running this script phase.\necho \"SUCCESS\" > \"${SCRIPT_OUTPUT_FILE_0}\"\n";
			showEnvVarsInLog = 0;
		};
		6CC1D2FE7D03931F9E775F68 /* [CP] Embed Pods Frameworks */ = {
			isa = PBXShellScriptBuildPhase;
			buildActionMask = 2147483647;
			files = (
			);
			inputFileListPaths = (
				"${PODS_ROOT}/Target Support Files/Pods-JStore/Pods-JStore-frameworks-${CONFIGURATION}-input-files.xcfilelist",
			);
			name = "[CP] Embed Pods Frameworks";
			outputFileListPaths = (
				"${PODS_ROOT}/Target Support Files/Pods-JStore/Pods-JStore-frameworks-${CONFIGURATION}-output-files.xcfilelist",
			);
			runOnlyForDeploymentPostprocessing = 0;
			shellPath = /bin/sh;
			shellScript = "\"${PODS_ROOT}/Target Support Files/Pods-JStore/Pods-JStore-frameworks.sh\"\n";
			showEnvVarsInLog = 0;
		};
		D991EDEC722E468A17A102EB /* [CP] Check Pods Manifest.lock */ = {
			isa = PBXShellScriptBuildPhase;
			buildActionMask = 2147483647;
			files = (
			);
			inputFileListPaths = (
			);
			inputPaths = (
				"${PODS_PODFILE_DIR_PATH}/Podfile.lock",
				"${PODS_ROOT}/Manifest.lock",
			);
			name = "[CP] Check Pods Manifest.lock";
			outputFileListPaths = (
			);
			outputPaths = (
				"$(DERIVED_FILE_DIR)/Pods-JStoreTests-checkManifestLockResult.txt",
			);
			runOnlyForDeploymentPostprocessing = 0;
			shellPath = /bin/sh;
			shellScript = "diff \"${PODS_PODFILE_DIR_PATH}/Podfile.lock\" \"${PODS_ROOT}/Manifest.lock\" > /dev/null\nif [ $? != 0 ] ; then\n    # print error to STDERR\n    echo \"error: The sandbox is not in sync with the Podfile.lock. Run 'pod install' or update your CocoaPods installation.\" >&2\n    exit 1\nfi\n# This output is used by Xcode 'outputs' to avoid re-running this script phase.\necho \"SUCCESS\" > \"${SCRIPT_OUTPUT_FILE_0}\"\n";
			showEnvVarsInLog = 0;
		};
		E63639A7F41AA2171D6903F1 /* [CP] Embed Pods Frameworks */ = {
			isa = PBXShellScriptBuildPhase;
			buildActionMask = 2147483647;
			files = (
			);
			inputFileListPaths = (
				"${PODS_ROOT}/Target Support Files/Pods-JStore-JStoreUITests/Pods-JStore-JStoreUITests-frameworks-${CONFIGURATION}-input-files.xcfilelist",
			);
			name = "[CP] Embed Pods Frameworks";
			outputFileListPaths = (
				"${PODS_ROOT}/Target Support Files/Pods-JStore-JStoreUITests/Pods-JStore-JStoreUITests-frameworks-${CONFIGURATION}-output-files.xcfilelist",
			);
			runOnlyForDeploymentPostprocessing = 0;
			shellPath = /bin/sh;
			shellScript = "\"${PODS_ROOT}/Target Support Files/Pods-JStore-JStoreUITests/Pods-JStore-JStoreUITests-frameworks.sh\"\n";
			showEnvVarsInLog = 0;
		};
		FCB84C002399804800124005 /* ShellScript */ = {
			isa = PBXShellScriptBuildPhase;
			buildActionMask = 2147483647;
			files = (
			);
			inputFileListPaths = (
			);
			inputPaths = (
				"$(SRCROOT)/$(BUILT_PRODUCTS_DIR)/$(INFOPLIST_PATH)",
			);
			outputFileListPaths = (
			);
			outputPaths = (
			);
			runOnlyForDeploymentPostprocessing = 0;
			shellPath = /bin/sh;
			shellScript = "# Type a script or drag a script file from your workspace to insert its path.\n\"${PODS_ROOT}/Fabric/run\"\n";
		};
/* End PBXShellScriptBuildPhase section */

/* Begin PBXSourcesBuildPhase section */
		FC68915D23994BF3004B41F9 /* Sources */ = {
			isa = PBXSourcesBuildPhase;
			buildActionMask = 2147483647;
			files = (
				FC3816A023B9538600325162 /* AnonymousSellViewController.swift in Sources */,
				FC38169523B9051300325162 /* UIViewExtension.swift in Sources */,
				FC69D87223B125F10008610A /* LoginViewController.swift in Sources */,
				FCF434E623B51A5E0049187D /* SceneDelegate.swift in Sources */,
				FCB84C022399889F00124005 /* MeViewController.swift in Sources */,
				FCF6BB8A23BB9C28003C911A /* Post.swift in Sources */,
				FC68916B23994BF4004B41F9 /* SellViewController.swift in Sources */,
				FC68916923994BF4004B41F9 /* BuyViewController.swift in Sources */,
				FC3816A223B9576900325162 /* AnonymousMeViewController.swift in Sources */,
				FCF434E823B550240049187D /* RootNavigationController.swift in Sources */,
				FC38168223B8DC7D00325162 /* NewUserViewController.swift in Sources */,
				FC38168B23B902C300325162 /* TabBarViewController.swift in Sources */,
				FC68916523994BF4004B41F9 /* AppDelegate.swift in Sources */,
				FC38169823B90A0A00325162 /* JStoreUser.swift in Sources */,
			);
			runOnlyForDeploymentPostprocessing = 0;
		};
		FC68917523994BF6004B41F9 /* Sources */ = {
			isa = PBXSourcesBuildPhase;
			buildActionMask = 2147483647;
			files = (
				FC68917E23994BF6004B41F9 /* JStoreTests.swift in Sources */,
			);
			runOnlyForDeploymentPostprocessing = 0;
		};
		FC68918023994BF6004B41F9 /* Sources */ = {
			isa = PBXSourcesBuildPhase;
			buildActionMask = 2147483647;
			files = (
				FC68918923994BF6004B41F9 /* JStoreUITests.swift in Sources */,
			);
			runOnlyForDeploymentPostprocessing = 0;
		};
/* End PBXSourcesBuildPhase section */

/* Begin PBXTargetDependency section */
		FC68917B23994BF6004B41F9 /* PBXTargetDependency */ = {
			isa = PBXTargetDependency;
			target = FC68916023994BF3004B41F9 /* JStore */;
			targetProxy = FC68917A23994BF6004B41F9 /* PBXContainerItemProxy */;
		};
		FC68918623994BF6004B41F9 /* PBXTargetDependency */ = {
			isa = PBXTargetDependency;
			target = FC68916023994BF3004B41F9 /* JStore */;
			targetProxy = FC68918523994BF6004B41F9 /* PBXContainerItemProxy */;
		};
/* End PBXTargetDependency section */

/* Begin PBXVariantGroup section */
		FC68916C23994BF4004B41F9 /* Main.storyboard */ = {
			isa = PBXVariantGroup;
			children = (
				FC68916D23994BF4004B41F9 /* Base */,
			);
			name = Main.storyboard;
			sourceTree = "<group>";
		};
		FC68917123994BF5004B41F9 /* LaunchScreen.storyboard */ = {
			isa = PBXVariantGroup;
			children = (
				FC68917223994BF5004B41F9 /* Base */,
			);
			name = LaunchScreen.storyboard;
			sourceTree = "<group>";
		};
/* End PBXVariantGroup section */

/* Begin XCBuildConfiguration section */
		FC68918B23994BF6004B41F9 /* Debug */ = {
			isa = XCBuildConfiguration;
			buildSettings = {
				ALWAYS_SEARCH_USER_PATHS = NO;
				CLANG_ANALYZER_NONNULL = YES;
				CLANG_ANALYZER_NUMBER_OBJECT_CONVERSION = YES_AGGRESSIVE;
				CLANG_CXX_LANGUAGE_STANDARD = "gnu++14";
				CLANG_CXX_LIBRARY = "libc++";
				CLANG_ENABLE_MODULES = YES;
				CLANG_ENABLE_OBJC_ARC = YES;
				CLANG_ENABLE_OBJC_WEAK = YES;
				CLANG_WARN_BLOCK_CAPTURE_AUTORELEASING = YES;
				CLANG_WARN_BOOL_CONVERSION = YES;
				CLANG_WARN_COMMA = YES;
				CLANG_WARN_CONSTANT_CONVERSION = YES;
				CLANG_WARN_DEPRECATED_OBJC_IMPLEMENTATIONS = YES;
				CLANG_WARN_DIRECT_OBJC_ISA_USAGE = YES_ERROR;
				CLANG_WARN_DOCUMENTATION_COMMENTS = YES;
				CLANG_WARN_EMPTY_BODY = YES;
				CLANG_WARN_ENUM_CONVERSION = YES;
				CLANG_WARN_INFINITE_RECURSION = YES;
				CLANG_WARN_INT_CONVERSION = YES;
				CLANG_WARN_NON_LITERAL_NULL_CONVERSION = YES;
				CLANG_WARN_OBJC_IMPLICIT_RETAIN_SELF = YES;
				CLANG_WARN_OBJC_LITERAL_CONVERSION = YES;
				CLANG_WARN_OBJC_ROOT_CLASS = YES_ERROR;
				CLANG_WARN_RANGE_LOOP_ANALYSIS = YES;
				CLANG_WARN_STRICT_PROTOTYPES = YES;
				CLANG_WARN_SUSPICIOUS_MOVE = YES;
				CLANG_WARN_UNGUARDED_AVAILABILITY = YES_AGGRESSIVE;
				CLANG_WARN_UNREACHABLE_CODE = YES;
				CLANG_WARN__DUPLICATE_METHOD_MATCH = YES;
				COPY_PHASE_STRIP = NO;
				DEBUG_INFORMATION_FORMAT = dwarf;
				ENABLE_STRICT_OBJC_MSGSEND = YES;
				ENABLE_TESTABILITY = YES;
				GCC_C_LANGUAGE_STANDARD = gnu11;
				GCC_DYNAMIC_NO_PIC = NO;
				GCC_NO_COMMON_BLOCKS = YES;
				GCC_OPTIMIZATION_LEVEL = 0;
				GCC_PREPROCESSOR_DEFINITIONS = (
					"DEBUG=1",
					"$(inherited)",
				);
				GCC_WARN_64_TO_32_BIT_CONVERSION = YES;
				GCC_WARN_ABOUT_RETURN_TYPE = YES_ERROR;
				GCC_WARN_UNDECLARED_SELECTOR = YES;
				GCC_WARN_UNINITIALIZED_AUTOS = YES_AGGRESSIVE;
				GCC_WARN_UNUSED_FUNCTION = YES;
				GCC_WARN_UNUSED_VARIABLE = YES;
				IPHONEOS_DEPLOYMENT_TARGET = 13.2;
				MTL_ENABLE_DEBUG_INFO = INCLUDE_SOURCE;
				MTL_FAST_MATH = YES;
				ONLY_ACTIVE_ARCH = YES;
				SDKROOT = iphoneos;
				SWIFT_ACTIVE_COMPILATION_CONDITIONS = DEBUG;
				SWIFT_OPTIMIZATION_LEVEL = "-Onone";
			};
			name = Debug;
		};
		FC68918C23994BF6004B41F9 /* Release */ = {
			isa = XCBuildConfiguration;
			buildSettings = {
				ALWAYS_SEARCH_USER_PATHS = NO;
				CLANG_ANALYZER_NONNULL = YES;
				CLANG_ANALYZER_NUMBER_OBJECT_CONVERSION = YES_AGGRESSIVE;
				CLANG_CXX_LANGUAGE_STANDARD = "gnu++14";
				CLANG_CXX_LIBRARY = "libc++";
				CLANG_ENABLE_MODULES = YES;
				CLANG_ENABLE_OBJC_ARC = YES;
				CLANG_ENABLE_OBJC_WEAK = YES;
				CLANG_WARN_BLOCK_CAPTURE_AUTORELEASING = YES;
				CLANG_WARN_BOOL_CONVERSION = YES;
				CLANG_WARN_COMMA = YES;
				CLANG_WARN_CONSTANT_CONVERSION = YES;
				CLANG_WARN_DEPRECATED_OBJC_IMPLEMENTATIONS = YES;
				CLANG_WARN_DIRECT_OBJC_ISA_USAGE = YES_ERROR;
				CLANG_WARN_DOCUMENTATION_COMMENTS = YES;
				CLANG_WARN_EMPTY_BODY = YES;
				CLANG_WARN_ENUM_CONVERSION = YES;
				CLANG_WARN_INFINITE_RECURSION = YES;
				CLANG_WARN_INT_CONVERSION = YES;
				CLANG_WARN_NON_LITERAL_NULL_CONVERSION = YES;
				CLANG_WARN_OBJC_IMPLICIT_RETAIN_SELF = YES;
				CLANG_WARN_OBJC_LITERAL_CONVERSION = YES;
				CLANG_WARN_OBJC_ROOT_CLASS = YES_ERROR;
				CLANG_WARN_RANGE_LOOP_ANALYSIS = YES;
				CLANG_WARN_STRICT_PROTOTYPES = YES;
				CLANG_WARN_SUSPICIOUS_MOVE = YES;
				CLANG_WARN_UNGUARDED_AVAILABILITY = YES_AGGRESSIVE;
				CLANG_WARN_UNREACHABLE_CODE = YES;
				CLANG_WARN__DUPLICATE_METHOD_MATCH = YES;
				COPY_PHASE_STRIP = NO;
				DEBUG_INFORMATION_FORMAT = "dwarf-with-dsym";
				ENABLE_NS_ASSERTIONS = NO;
				ENABLE_STRICT_OBJC_MSGSEND = YES;
				GCC_C_LANGUAGE_STANDARD = gnu11;
				GCC_NO_COMMON_BLOCKS = YES;
				GCC_WARN_64_TO_32_BIT_CONVERSION = YES;
				GCC_WARN_ABOUT_RETURN_TYPE = YES_ERROR;
				GCC_WARN_UNDECLARED_SELECTOR = YES;
				GCC_WARN_UNINITIALIZED_AUTOS = YES_AGGRESSIVE;
				GCC_WARN_UNUSED_FUNCTION = YES;
				GCC_WARN_UNUSED_VARIABLE = YES;
				IPHONEOS_DEPLOYMENT_TARGET = 13.2;
				MTL_ENABLE_DEBUG_INFO = NO;
				MTL_FAST_MATH = YES;
				SDKROOT = iphoneos;
				SWIFT_COMPILATION_MODE = wholemodule;
				SWIFT_OPTIMIZATION_LEVEL = "-O";
				VALIDATE_PRODUCT = YES;
			};
			name = Release;
		};
		FC68918E23994BF6004B41F9 /* Debug */ = {
			isa = XCBuildConfiguration;
			baseConfigurationReference = 7636998BAF9B0B7DD295AC50 /* Pods-JStore.debug.xcconfig */;
			buildSettings = {
				ASSETCATALOG_COMPILER_APPICON_NAME = AppIcon;
				CODE_SIGN_ALLOW_ENTITLEMENTS_MODIFICATION = YES;
				CODE_SIGN_ENTITLEMENTS = JStore/JStore.entitlements;
				CODE_SIGN_STYLE = Automatic;
				DEVELOPMENT_TEAM = KK8NHCY4ZG;
				INFOPLIST_FILE = JStore/Info.plist;
				IPHONEOS_DEPLOYMENT_TARGET = 13.0;
				LD_RUNPATH_SEARCH_PATHS = (
					"$(inherited)",
					"@executable_path/Frameworks",
				);
				PRODUCT_BUNDLE_IDENTIFIER = com.tillchen.jstore.ios;
				PRODUCT_NAME = "$(TARGET_NAME)";
				SWIFT_VERSION = 5.0;
				TARGETED_DEVICE_FAMILY = 1;
			};
			name = Debug;
		};
		FC68918F23994BF6004B41F9 /* Release */ = {
			isa = XCBuildConfiguration;
			baseConfigurationReference = 5BF4A15BB35EB35A8F7A8CC2 /* Pods-JStore.release.xcconfig */;
			buildSettings = {
				ASSETCATALOG_COMPILER_APPICON_NAME = AppIcon;
				CODE_SIGN_ALLOW_ENTITLEMENTS_MODIFICATION = YES;
				CODE_SIGN_ENTITLEMENTS = JStore/JStore.entitlements;
				CODE_SIGN_STYLE = Automatic;
				DEVELOPMENT_TEAM = KK8NHCY4ZG;
				INFOPLIST_FILE = JStore/Info.plist;
				IPHONEOS_DEPLOYMENT_TARGET = 13.0;
				LD_RUNPATH_SEARCH_PATHS = (
					"$(inherited)",
					"@executable_path/Frameworks",
				);
				PRODUCT_BUNDLE_IDENTIFIER = com.tillchen.jstore.ios;
				PRODUCT_NAME = "$(TARGET_NAME)";
				SWIFT_VERSION = 5.0;
				TARGETED_DEVICE_FAMILY = 1;
			};
			name = Release;
		};
		FC68919123994BF6004B41F9 /* Debug */ = {
			isa = XCBuildConfiguration;
			baseConfigurationReference = 551FB99CD8F03D40B5AFF504 /* Pods-JStoreTests.debug.xcconfig */;
			buildSettings = {
				ALWAYS_EMBED_SWIFT_STANDARD_LIBRARIES = YES;
				BUNDLE_LOADER = "$(TEST_HOST)";
				CODE_SIGN_STYLE = Automatic;
				DEVELOPMENT_TEAM = KK8NHCY4ZG;
				INFOPLIST_FILE = JStoreTests/Info.plist;
				IPHONEOS_DEPLOYMENT_TARGET = 13.2;
				LD_RUNPATH_SEARCH_PATHS = (
					"$(inherited)",
					"@executable_path/Frameworks",
					"@loader_path/Frameworks",
				);
				PRODUCT_BUNDLE_IDENTIFIER = com.tillchen.JStoreTests;
				PRODUCT_NAME = "$(TARGET_NAME)";
				SWIFT_VERSION = 5.0;
				TARGETED_DEVICE_FAMILY = "1,2";
				TEST_HOST = "$(BUILT_PRODUCTS_DIR)/JStore.app/JStore";
			};
			name = Debug;
		};
		FC68919223994BF6004B41F9 /* Release */ = {
			isa = XCBuildConfiguration;
			baseConfigurationReference = 29C08B491126E7FBA14EC5A6 /* Pods-JStoreTests.release.xcconfig */;
			buildSettings = {
				ALWAYS_EMBED_SWIFT_STANDARD_LIBRARIES = YES;
				BUNDLE_LOADER = "$(TEST_HOST)";
				CODE_SIGN_STYLE = Automatic;
				DEVELOPMENT_TEAM = KK8NHCY4ZG;
				INFOPLIST_FILE = JStoreTests/Info.plist;
				IPHONEOS_DEPLOYMENT_TARGET = 13.2;
				LD_RUNPATH_SEARCH_PATHS = (
					"$(inherited)",
					"@executable_path/Frameworks",
					"@loader_path/Frameworks",
				);
				PRODUCT_BUNDLE_IDENTIFIER = com.tillchen.JStoreTests;
				PRODUCT_NAME = "$(TARGET_NAME)";
				SWIFT_VERSION = 5.0;
				TARGETED_DEVICE_FAMILY = "1,2";
				TEST_HOST = "$(BUILT_PRODUCTS_DIR)/JStore.app/JStore";
			};
			name = Release;
		};
		FC68919423994BF6004B41F9 /* Debug */ = {
			isa = XCBuildConfiguration;
			baseConfigurationReference = 37EE493C4CC666EC9E574AB3 /* Pods-JStore-JStoreUITests.debug.xcconfig */;
			buildSettings = {
				ALWAYS_EMBED_SWIFT_STANDARD_LIBRARIES = YES;
				CODE_SIGN_STYLE = Automatic;
				DEVELOPMENT_TEAM = KK8NHCY4ZG;
				INFOPLIST_FILE = JStoreUITests/Info.plist;
				LD_RUNPATH_SEARCH_PATHS = (
					"$(inherited)",
					"@executable_path/Frameworks",
					"@loader_path/Frameworks",
				);
				PRODUCT_BUNDLE_IDENTIFIER = com.tillchen.JStoreUITests;
				PRODUCT_NAME = "$(TARGET_NAME)";
				SWIFT_VERSION = 5.0;
				TARGETED_DEVICE_FAMILY = "1,2";
				TEST_TARGET_NAME = JStore;
			};
			name = Debug;
		};
		FC68919523994BF6004B41F9 /* Release */ = {
			isa = XCBuildConfiguration;
			baseConfigurationReference = 789E80E884FA5CA3FA7FBAAD /* Pods-JStore-JStoreUITests.release.xcconfig */;
			buildSettings = {
				ALWAYS_EMBED_SWIFT_STANDARD_LIBRARIES = YES;
				CODE_SIGN_STYLE = Automatic;
				DEVELOPMENT_TEAM = KK8NHCY4ZG;
				INFOPLIST_FILE = JStoreUITests/Info.plist;
				LD_RUNPATH_SEARCH_PATHS = (
					"$(inherited)",
					"@executable_path/Frameworks",
					"@loader_path/Frameworks",
				);
				PRODUCT_BUNDLE_IDENTIFIER = com.tillchen.JStoreUITests;
				PRODUCT_NAME = "$(TARGET_NAME)";
				SWIFT_VERSION = 5.0;
				TARGETED_DEVICE_FAMILY = "1,2";
				TEST_TARGET_NAME = JStore;
			};
			name = Release;
		};
/* End XCBuildConfiguration section */

/* Begin XCConfigurationList section */
		FC68915C23994BF3004B41F9 /* Build configuration list for PBXProject "JStore" */ = {
			isa = XCConfigurationList;
			buildConfigurations = (
				FC68918B23994BF6004B41F9 /* Debug */,
				FC68918C23994BF6004B41F9 /* Release */,
			);
			defaultConfigurationIsVisible = 0;
			defaultConfigurationName = Release;
		};
		FC68918D23994BF6004B41F9 /* Build configuration list for PBXNativeTarget "JStore" */ = {
			isa = XCConfigurationList;
			buildConfigurations = (
				FC68918E23994BF6004B41F9 /* Debug */,
				FC68918F23994BF6004B41F9 /* Release */,
			);
			defaultConfigurationIsVisible = 0;
			defaultConfigurationName = Release;
		};
		FC68919023994BF6004B41F9 /* Build configuration list for PBXNativeTarget "JStoreTests" */ = {
			isa = XCConfigurationList;
			buildConfigurations = (
				FC68919123994BF6004B41F9 /* Debug */,
				FC68919223994BF6004B41F9 /* Release */,
			);
			defaultConfigurationIsVisible = 0;
			defaultConfigurationName = Release;
		};
		FC68919323994BF6004B41F9 /* Build configuration list for PBXNativeTarget "JStoreUITests" */ = {
			isa = XCConfigurationList;
			buildConfigurations = (
				FC68919423994BF6004B41F9 /* Debug */,
				FC68919523994BF6004B41F9 /* Release */,
			);
			defaultConfigurationIsVisible = 0;
			defaultConfigurationName = Release;
		};
/* End XCConfigurationList section */
	};
	rootObject = FC68915923994BF3004B41F9 /* Project object */;
}
